
Microsoft Visual Studio Solution File, Format Version 12.00
# Visual Studio Version 16
VisualStudioVersion = 16.0.30717.126
MinimumVisualStudioVersion = 10.0.40219.1
Project("{FAE04EC0-301F-11D3-BF4B-00C04F79EFBC}") = "graph-ql-hotchocolate-playground", "graph-ql-hotchocolate-playground\graph-ql-hotchocolate-playground.csproj", "{CBAB5629-3330-4CB0-A158-02EBED5A2612}"
EndProject
Global
	GlobalSection(SolutionConfigurationPlatforms) = preSolution
		Debug|Any CPU = Debug|Any CPU
		Release|Any CPU = Release|Any CPU
	EndGlobalSection
	GlobalSection(ProjectConfigurationPlatforms) = postSolution
		{CBAB5629-3330-4CB0-A158-02EBED5A2612}.Debug|Any CPU.ActiveCfg = Debug|Any CPU
		{CBAB5629-3330-4CB0-A158-02EBED5A2612}.Debug|Any CPU.Build.0 = Debug|Any CPU
		{CBAB5629-3330-4CB0-A158-02EBED5A2612}.Release|Any CPU.ActiveCfg = Release|Any CPU
		{CBAB5629-3330-4CB0-A158-02EBED5A2612}.Release|Any CPU.Build.0 = Release|Any CPU
	EndGlobalSection
	GlobalSection(SolutionProperties) = preSolution
		HideSolutionNode = FALSE
	EndGlobalSection
	GlobalSection(ExtensibilityGlobals) = postSolution
		SolutionGuid = {BCA98F1B-4514-4A7A-A8D8-DD1D34C6BF2C}
	EndGlobalSection
EndGlobal
